<?xml version="1.0" encoding="utf-8"?>
<Project ToolsVersion="4.0" xmlns="http://schemas.microsoft.com/developer/msbuild/2003">
  <ItemGroup>
    <Filter Include="ソース ファイル">
      <UniqueIdentifier>{4FC737F1-C7A5-4376-A066-2A32D752A2FF}</UniqueIdentifier>
      <Extensions>cpp;c;cc;cxx;def;odl;idl;hpj;bat;asm;asmx</Extensions>
    </Filter>
    <Filter Include="リソース ファイル">
      <UniqueIdentifier>{67DA6AB6-F800-4c08-8B7A-83BB121AAD01}</UniqueIdentifier>
      <Extensions>rc;ico;cur;bmp;dlg;rc2;rct;bin;rgs;gif;jpg;jpeg;jpe;resx;tiff;tif;png;wav;mfcribbon-ms</Extensions>
    </Filter>
    <Filter Include="ソース ファイル\Engine">
      <UniqueIdentifier>{67a49ac0-ae72-41c0-9848-09789df4c07b}</UniqueIdentifier>
    </Filter>
    <Filter Include="ソース ファイル\Texture">
      <UniqueIdentifier>{9b4fd4e4-d7e4-4971-a780-bb19d30c9aaa}</UniqueIdentifier>
    </Filter>
    <Filter Include="ソース ファイル\Utility">
      <UniqueIdentifier>{563af239-9a01-44ee-9033-b258c65d9d3d}</UniqueIdentifier>
    </Filter>
    <Filter Include="ソース ファイル\Timer">
      <UniqueIdentifier>{18627e17-7a4d-4938-9539-bb24111450a2}</UniqueIdentifier>
    </Filter>
    <Filter Include="ソース ファイル\Character">
      <UniqueIdentifier>{efecddfa-e66b-452d-a981-22f591a0ee0c}</UniqueIdentifier>
    </Filter>
    <Filter Include="ソース ファイル\Character\Enemy">
      <UniqueIdentifier>{68fe6d9f-2b61-42b6-a888-5def5a5b347f}</UniqueIdentifier>
    </Filter>
    <Filter Include="ソース ファイル\Character\Player">
      <UniqueIdentifier>{5490ec71-2540-4528-bb0c-29c6e390653b}</UniqueIdentifier>
    </Filter>
    <Filter Include="ソース ファイル\Engine\Lib">
      <UniqueIdentifier>{a22d48fd-cab2-4702-b6ed-d1ed240b25c3}</UniqueIdentifier>
    </Filter>
    <Filter Include="ソース ファイル\Object">
      <UniqueIdentifier>{438250b5-b557-4bdd-abf8-1196fe4de07c}</UniqueIdentifier>
    </Filter>
    <Filter Include="ソース ファイル\Object\Item">
      <UniqueIdentifier>{cb53b0c2-85c4-4194-87f7-2cf321ebabc8}</UniqueIdentifier>
    </Filter>
    <Filter Include="ソース ファイル\Object\UI">
      <UniqueIdentifier>{030ea35a-dc90-43c3-9b89-650d78d9f5c0}</UniqueIdentifier>
    </Filter>
    <Filter Include="ソース ファイル\Object\UI\Id">
      <UniqueIdentifier>{4f1a6e51-f2a3-41bb-8923-26b00e7311fa}</UniqueIdentifier>
    </Filter>
    <Filter Include="ソース ファイル\Scene">
      <UniqueIdentifier>{0c01be10-5a39-4a13-a546-3392bdd52cb0}</UniqueIdentifier>
    </Filter>
    <Filter Include="ソース ファイル\Scene\GameScene">
      <UniqueIdentifier>{8ab8c1b1-3508-4ec7-935e-dbb63ceb4429}</UniqueIdentifier>
    </Filter>
    <Filter Include="ソース ファイル\Object\Item\Id">
      <UniqueIdentifier>{a3183703-2a6d-4ad2-8086-6ea7765069a4}</UniqueIdentifier>
    </Filter>
    <Filter Include="ソース ファイル\Character\Enemy\Id">
      <UniqueIdentifier>{3ab8e495-2ed6-4793-93dc-6de56a2efa31}</UniqueIdentifier>
    </Filter>
  </ItemGroup>
  <ItemGroup>
    <ClCompile Include="Src\Engine\Engine.cpp">
      <Filter>ソース ファイル\Engine</Filter>
    </ClCompile>
    <ClCompile Include="Src\Engine\Graphics.cpp">
      <Filter>ソース ファイル\Engine</Filter>
    </ClCompile>
    <ClCompile Include="Src\Engine\Input.cpp">
      <Filter>ソース ファイル\Engine</Filter>
    </ClCompile>
    <ClCompile Include="Src\Engine\Window.cpp">
      <Filter>ソース ファイル\Engine</Filter>
    </ClCompile>
    <ClCompile Include="Src\Texture\Texture.cpp">
      <Filter>ソース ファイル\Texture</Filter>
    </ClCompile>
    <ClCompile Include="Src\Scene\Scene.cpp">
      <Filter>ソース ファイル\Scene</Filter>
    </ClCompile>
    <ClCompile Include="Src\Scene\TitleScene.cpp">
      <Filter>ソース ファイル\Scene</Filter>
    </ClCompile>
    <ClCompile Include="Src\Main.cpp">
      <Filter>ソース ファイル</Filter>
    </ClCompile>
    <ClCompile Include="Src\Engine\Sound.cpp">
      <Filter>ソース ファイル\Engine</Filter>
    </ClCompile>
    <ClCompile Include="Src\Scene\MonitorScene.cpp">
      <Filter>ソース ファイル\Scene\GameScene</Filter>
    </ClCompile>
    <ClCompile Include="Src\Scene\ClearScene.cpp">
      <Filter>ソース ファイル\Scene</Filter>
    </ClCompile>
    <ClCompile Include="Src\Timer\Timer.cpp">
      <Filter>ソース ファイル\Timer</Filter>
    </ClCompile>
    <ClCompile Include="Src\Character\CharacterManager.cpp">
      <Filter>ソース ファイル\Character</Filter>
    </ClCompile>
    <ClCompile Include="Src\Character\Player\Player.cpp">
      <Filter>ソース ファイル\Character\Player</Filter>
    </ClCompile>
    <ClCompile Include="Src\Utility\Common.cpp">
      <Filter>ソース ファイル\Utility</Filter>
    </ClCompile>
    <ClCompile Include="Src\Engine\Lib\Device.cpp">
      <Filter>ソース ファイル\Engine\Lib</Filter>
    </ClCompile>
    <ClCompile Include="Src\Engine\Lib\M_Texture.cpp">
      <Filter>ソース ファイル\Engine\Lib</Filter>
    </ClCompile>
    <ClCompile Include="Src\Engine\Calculation.cpp">
      <Filter>ソース ファイル\Engine</Filter>
    </ClCompile>
    <ClCompile Include="Src\Object\UI\UI.cpp">
      <Filter>ソース ファイル\Object\UI</Filter>
    </ClCompile>
    <ClCompile Include="Src\Object\ObjectManager.cpp">
      <Filter>ソース ファイル\Object</Filter>
    </ClCompile>
    <ClCompile Include="Src\Object\ObjectID.h">
      <Filter>ソース ファイル\Object</Filter>
    </ClCompile>
    <ClCompile Include="Src\Object\Item\Item.cpp">
      <Filter>ソース ファイル\Object\Item</Filter>
    </ClCompile>
    <ClCompile Include="Src\Character\Enemy\Id\Bonnie.cpp">
      <Filter>ソース ファイル\Character\Enemy\Id</Filter>
    </ClCompile>
    <ClCompile Include="Src\Character\Enemy\Id\Chica.cpp">
      <Filter>ソース ファイル\Character\Enemy\Id</Filter>
    </ClCompile>
    <ClCompile Include="Src\Character\Enemy\Id\Foxy.cpp">
      <Filter>ソース ファイル\Character\Enemy\Id</Filter>
    </ClCompile>
    <ClCompile Include="Src\Character\Enemy\Id\Freddy.cpp">
      <Filter>ソース ファイル\Character\Enemy\Id</Filter>
    </ClCompile>
    <ClCompile Include="Src\Character\Enemy\Id\G_Freddy.cpp">
      <Filter>ソース ファイル\Character\Enemy\Id</Filter>
    </ClCompile>
    <ClCompile Include="Src\Character\Enemy\Id\Puppet.cpp">
      <Filter>ソース ファイル\Character\Enemy\Id</Filter>
    </ClCompile>
    <ClCompile Include="Src\Scene\GameScene\GameScene.cpp">
      <Filter>ソース ファイル\Scene\GameScene</Filter>
    </ClCompile>
    <ClCompile Include="Src\Scene\GameScene\GameData.cpp">
      <Filter>ソース ファイル\Scene\GameScene</Filter>
    </ClCompile>
    <ClCompile Include="Src\Character\Enemy\Enemy.cpp">
      <Filter>ソース ファイル\Character\Enemy</Filter>
    </ClCompile>
    <ClCompile Include="Src\Object\Item\Id\Candle.cpp">
      <Filter>ソース ファイル\Object\Item\Id</Filter>
    </ClCompile>
    <ClCompile Include="Src\Scene\OpeningScene.cpp">
      <Filter>ソース ファイル\Scene</Filter>
    </ClCompile>
    <ClCompile Include="Src\Object\Item\Id\Fire.cpp">
      <Filter>ソース ファイル\Object\Item\Id</Filter>
    </ClCompile>
  </ItemGroup>
  <ItemGroup>
    <ClInclude Include="Src\Engine\Engine.h">
      <Filter>ソース ファイル\Engine</Filter>
    </ClInclude>
    <ClInclude Include="Src\Engine\Graphics.h">
      <Filter>ソース ファイル\Engine</Filter>
    </ClInclude>
    <ClInclude Include="Src\Engine\Input.h">
      <Filter>ソース ファイル\Engine</Filter>
    </ClInclude>
    <ClInclude Include="Src\Engine\Window.h">
      <Filter>ソース ファイル\Engine</Filter>
    </ClInclude>
    <ClInclude Include="Src\Utility\Size.h">
      <Filter>ソース ファイル\Utility</Filter>
    </ClInclude>
    <ClInclude Include="Src\Utility\Vec.h">
      <Filter>ソース ファイル\Utility</Filter>
    </ClInclude>
    <ClInclude Include="Src\Texture\Texture.h">
      <Filter>ソース ファイル\Texture</Filter>
    </ClInclude>
    <ClInclude Include="Src\Scene\Scene.h">
      <Filter>ソース ファイル\Scene</Filter>
    </ClInclude>
    <ClInclude Include="Src\Scene\TitleScene.h">
      <Filter>ソース ファイル\Scene</Filter>
    </ClInclude>
    <ClInclude Include="Src\Engine\Sound.h">
      <Filter>ソース ファイル\Engine</Filter>
    </ClInclude>
    <ClInclude Include="Src\Scene\MonitorScene.h">
      <Filter>ソース ファイル\Scene\GameScene</Filter>
    </ClInclude>
    <ClInclude Include="Src\Scene\ClearScene.h">
      <Filter>ソース ファイル\Scene</Filter>
    </ClInclude>
    <ClInclude Include="Src\Timer\Timer.h">
      <Filter>ソース ファイル\Timer</Filter>
    </ClInclude>
    <ClInclude Include="Src\Character\Character.h">
      <Filter>ソース ファイル\Character</Filter>
    </ClInclude>
    <ClInclude Include="Src\Character\CharacterID.h">
      <Filter>ソース ファイル\Character</Filter>
    </ClInclude>
    <ClInclude Include="Src\Character\CharacterManager.h">
      <Filter>ソース ファイル\Character</Filter>
    </ClInclude>
    <ClInclude Include="Src\Character\Enemy\Enemy.h">
      <Filter>ソース ファイル\Character\Enemy</Filter>
    </ClInclude>
    <ClInclude Include="Src\Utility\RoomID.h">
      <Filter>ソース ファイル\Utility</Filter>
    </ClInclude>
    <ClInclude Include="Src\Character\Player\Player.h">
      <Filter>ソース ファイル\Character\Player</Filter>
    </ClInclude>
    <ClInclude Include="Src\Utility\Common.h">
      <Filter>ソース ファイル\Utility</Filter>
    </ClInclude>
    <ClInclude Include="Src\Engine\Lib\Lib.h">
      <Filter>ソース ファイル\Engine\Lib</Filter>
    </ClInclude>
    <ClInclude Include="Src\Object\Object.h">
      <Filter>ソース ファイル\Object</Filter>
    </ClInclude>
    <ClInclude Include="Src\Engine\Calculation.h">
      <Filter>ソース ファイル\Engine</Filter>
    </ClInclude>
    <ClInclude Include="Src\Object\UI\UI.h">
      <Filter>ソース ファイル\Object\UI</Filter>
    </ClInclude>
    <ClInclude Include="Src\Object\UI\UIvalue.h">
      <Filter>ソース ファイル\Object\UI</Filter>
    </ClInclude>
    <ClInclude Include="Src\Object\Item\ItemValue.h">
      <Filter>ソース ファイル\Object\Item</Filter>
    </ClInclude>
    <ClInclude Include="Src\Object\Item\Item.h">
      <Filter>ソース ファイル\Object\Item</Filter>
    </ClInclude>
    <ClInclude Include="Src\Object\ObjectManager.h">
      <Filter>ソース ファイル\Object</Filter>
    </ClInclude>
    <ClInclude Include="Src\Object\UI\Id\ClearLogo.h">
      <Filter>ソース ファイル\Object\UI\Id</Filter>
    </ClInclude>
    <ClInclude Include="Src\Object\UI\Id\Continue.h">
      <Filter>ソース ファイル\Object\UI\Id</Filter>
    </ClInclude>
    <ClInclude Include="Src\Object\UI\Id\LeftDuct.h">
      <Filter>ソース ファイル\Object\UI\Id</Filter>
    </ClInclude>
    <ClInclude Include="Src\Object\UI\Id\MonitorSpown.h">
      <Filter>ソース ファイル\Object\UI\Id</Filter>
    </ClInclude>
    <ClInclude Include="Src\Object\UI\Id\NewGame.h">
      <Filter>ソース ファイル\Object\UI\Id</Filter>
    </ClInclude>
    <ClInclude Include="Src\Object\UI\Id\PlayerRoom.h">
      <Filter>ソース ファイル\Object\UI\Id</Filter>
    </ClInclude>
    <ClInclude Include="Src\Object\UI\Id\RightDuct.h">
      <Filter>ソース ファイル\Object\UI\Id</Filter>
    </ClInclude>
    <ClInclude Include="Src\Object\UI\Id\TitleLogo.h">
      <Filter>ソース ファイル\Object\UI\Id</Filter>
    </ClInclude>
    <ClInclude Include="Src\Object\Item\Id\Candle.h">
      <Filter>ソース ファイル\Object\Item\Id</Filter>
    </ClInclude>
    <ClInclude Include="Src\Object\Item\Id\Fire.h">
      <Filter>ソース ファイル\Object\Item\Id</Filter>
    </ClInclude>
    <ClInclude Include="Src\Object\Item\Id\PlayerItem.h">
      <Filter>ソース ファイル\Object\Item\Id</Filter>
    </ClInclude>
    <ClInclude Include="Src\Character\Enemy\Id\Bonnie.h">
      <Filter>ソース ファイル\Character\Enemy\Id</Filter>
    </ClInclude>
    <ClInclude Include="Src\Character\Enemy\Id\Chica.h">
      <Filter>ソース ファイル\Character\Enemy\Id</Filter>
    </ClInclude>
    <ClInclude Include="Src\Character\Enemy\Id\Foxy.h">
      <Filter>ソース ファイル\Character\Enemy\Id</Filter>
    </ClInclude>
    <ClInclude Include="Src\Character\Enemy\Id\Freddy.h">
      <Filter>ソース ファイル\Character\Enemy\Id</Filter>
    </ClInclude>
    <ClInclude Include="Src\Character\Enemy\Id\G_Freddy.h">
      <Filter>ソース ファイル\Character\Enemy\Id</Filter>
    </ClInclude>
    <ClInclude Include="Src\Character\Enemy\Id\Puppet.h">
      <Filter>ソース ファイル\Character\Enemy\Id</Filter>
    </ClInclude>
    <ClInclude Include="Src\Scene\GameScene\GameData.h">
      <Filter>ソース ファイル\Scene\GameScene</Filter>
    </ClInclude>
    <ClInclude Include="Src\Scene\GameScene\GameScene.h">
      <Filter>ソース ファイル\Scene\GameScene</Filter>
    </ClInclude>
    <ClInclude Include="Src\Texture\EnemyTex.h">
      <Filter>ソース ファイル\Texture</Filter>
    </ClInclude>
    <ClInclude Include="Src\Texture\GameSceneTex.h">
      <Filter>ソース ファイル\Texture</Filter>
    </ClInclude>
    <ClInclude Include="Src\Texture\ResultSceneTex.h">
      <Filter>ソース ファイル\Texture</Filter>
    </ClInclude>
    <ClInclude Include="Src\Texture\TitleSceneTex.h">
      <Filter>ソース ファイル\Texture</Filter>
    </ClInclude>
    <ClInclude Include="Src\Scene\OpeningScene.h">
      <Filter>ソース ファイル\Scene</Filter>
    </ClInclude>
    <ClInclude Include="Src\Texture\OpeningSceneTex.h">
      <Filter>ソース ファイル\Texture</Filter>
    </ClInclude>
  </ItemGroup>
  <ItemGroup>
    <Image Include="Res\Document\マップ図.jpg.png">
      <Filter>ソース ファイル\Utility</Filter>
    </Image>
    <Image Include="参考\title01_UI.png">
      <Filter>リソース ファイル</Filter>
    </Image>
  </ItemGroup>
</Project>